
Microsoft Visual Studio Solution File, Format Version 12.00
# Visual Studio 2017
Project("{FAE04EC0-301F-11D3-BF4B-00C04F79EFBC}") = "Client_Code", "Client_Code.csproj", "{F526E11E-7B20-39F9-65DE-E34B9131A271}"
EndProject
Global
	GlobalSection(SolutionConfigurationPlatforms) = preSolution
		Debug|Any CPU = Debug|Any CPU
		Release|Any CPU = Release|Any CPU
	EndGlobalSection
	GlobalSection(ProjectConfigurationPlatforms) = postSolution
		{F526E11E-7B20-39F9-65DE-E34B9131A271}.Debug|Any CPU.ActiveCfg = Debug|Any CPU
		{F526E11E-7B20-39F9-65DE-E34B9131A271}.Debug|Any CPU.Build.0 = Debug|Any CPU
		{F526E11E-7B20-39F9-65DE-E34B9131A271}.Release|Any CPU.ActiveCfg = Release|Any CPU
		{F526E11E-7B20-39F9-65DE-E34B9131A271}.Release|Any CPU.Build.0 = Release|Any CPU
	EndGlobalSection
	GlobalSection(SolutionProperties) = preSolution
		HideSolutionNode = FALSE
	EndGlobalSection
EndGlobal
